github.com/dvcrn/pocketsmith-go v0.0.0-20250103090035-23c5c9067275 h1:6b1Rg306nTdKbtDEahR940ndNvjbUoWQWW1/YxZDMog=
github.com/dvcrn/pocketsmith-go v0.0.0-20250103090035-23c5c9067275/go.mod h1:rRx2gtJK+78Po3CCQzaZzfb7rcNSxhq4r3xz7Cj9U8M=
github.com/dvcrn/pocketsmith-go v0.0.0-20250103095801-8e020b62ab74 h1:rC7rw6j7L7ZxDaa50xenehmOatpW6PgCWKoV+yt1Pj4=
github.com/dvcrn/pocketsmith-go v0.0.0-20250103095801-8e020b62ab74/go.mod h1:rRx2gtJK+78Po3CCQzaZzfb7rcNSxhq4r3xz7Cj9U8M=
